// !$*UTF8*$!
{
	archiveVersion = 1;
	classes = {
	};
	objectVersion = 55;
	objects = {

/* Begin PBXBuildFile section */
		44A9775B29A89B1B000A71DF /* SwiftUIGameApp.swift in Sources */ = {isa = PBXBuildFile; fileRef = 44A9775A29A89B1B000A71DF /* SwiftUIGameApp.swift */; };
		44A9775D29A89B1B000A71DF /* ContentView.swift in Sources */ = {isa = PBXBuildFile; fileRef = 44A9775C29A89B1B000A71DF /* ContentView.swift */; };
		44A9775F29A89B1C000A71DF /* Assets.xcassets in Resources */ = {isa = PBXBuildFile; fileRef = 44A9775E29A89B1C000A71DF /* Assets.xcassets */; };
		44A9776229A89B1C000A71DF /* Preview Assets.xcassets in Resources */ = {isa = PBXBuildFile; fileRef = 44A9776129A89B1C000A71DF /* Preview Assets.xcassets */; };
		44A9776F29A91CB6000A71DF /* CardModel.swift in Sources */ = {isa = PBXBuildFile; fileRef = 44A9776E29A91CB6000A71DF /* CardModel.swift */; };
		44A9777129A92409000A71DF /* ViewModel.swift in Sources */ = {isa = PBXBuildFile; fileRef = 44A9777029A92409000A71DF /* ViewModel.swift */; };
		44A9777829A93742000A71DF /* HelpersExtension.swift in Sources */ = {isa = PBXBuildFile; fileRef = 44A9777729A93742000A71DF /* HelpersExtension.swift */; };
		44B0330E29AA0E1600FB383C /* ThemeStore.swift in Sources */ = {isa = PBXBuildFile; fileRef = 44B0330D29AA0E1600FB383C /* ThemeStore.swift */; };
		44B0331129AA16CB00FB383C /* ThemeChooser.swift in Sources */ = {isa = PBXBuildFile; fileRef = 44B0331029AA16CB00FB383C /* ThemeChooser.swift */; };
		44B0331329AA1C9400FB383C /* ThemeEditor.swift in Sources */ = {isa = PBXBuildFile; fileRef = 44B0331229AA1C9400FB383C /* ThemeEditor.swift */; };
		44B0331629AA3C3800FB383C /* RGBAColor.swift in Sources */ = {isa = PBXBuildFile; fileRef = 44B0331529AA3C3800FB383C /* RGBAColor.swift */; };
		44B0331829AA3C5A00FB383C /* ThemeModel.swift in Sources */ = {isa = PBXBuildFile; fileRef = 44B0331729AA3C5A00FB383C /* ThemeModel.swift */; };
/* End PBXBuildFile section */

/* Begin PBXFileReference section */
		44A9775729A89B1B000A71DF /* SwiftUIGame.app */ = {isa = PBXFileReference; explicitFileType = wrapper.application; includeInIndex = 0; path = SwiftUIGame.app; sourceTree = BUILT_PRODUCTS_DIR; };
		44A9775A29A89B1B000A71DF /* SwiftUIGameApp.swift */ = {isa = PBXFileReference; lastKnownFileType = sourcecode.swift; path = SwiftUIGameApp.swift; sourceTree = "<group>"; };
		44A9775C29A89B1B000A71DF /* ContentView.swift */ = {isa = PBXFileReference; lastKnownFileType = sourcecode.swift; path = ContentView.swift; sourceTree = "<group>"; };
		44A9775E29A89B1C000A71DF /* Assets.xcassets */ = {isa = PBXFileReference; lastKnownFileType = folder.assetcatalog; path = Assets.xcassets; sourceTree = "<group>"; };
		44A9776129A89B1C000A71DF /* Preview Assets.xcassets */ = {isa = PBXFileReference; lastKnownFileType = folder.assetcatalog; path = "Preview Assets.xcassets"; sourceTree = "<group>"; };
		44A9776E29A91CB6000A71DF /* CardModel.swift */ = {isa = PBXFileReference; lastKnownFileType = sourcecode.swift; path = CardModel.swift; sourceTree = "<group>"; };
		44A9777029A92409000A71DF /* ViewModel.swift */ = {isa = PBXFileReference; lastKnownFileType = sourcecode.swift; path = ViewModel.swift; sourceTree = "<group>"; };
		44A9777729A93742000A71DF /* HelpersExtension.swift */ = {isa = PBXFileReference; lastKnownFileType = sourcecode.swift; path = HelpersExtension.swift; sourceTree = "<group>"; };
		44B0330D29AA0E1600FB383C /* ThemeStore.swift */ = {isa = PBXFileReference; lastKnownFileType = sourcecode.swift; path = ThemeStore.swift; sourceTree = "<group>"; };
		44B0331029AA16CB00FB383C /* ThemeChooser.swift */ = {isa = PBXFileReference; lastKnownFileType = sourcecode.swift; path = ThemeChooser.swift; sourceTree = "<group>"; };
		44B0331229AA1C9400FB383C /* ThemeEditor.swift */ = {isa = PBXFileReference; lastKnownFileType = sourcecode.swift; path = ThemeEditor.swift; sourceTree = "<group>"; };
		44B0331529AA3C3800FB383C /* RGBAColor.swift */ = {isa = PBXFileReference; lastKnownFileType = sourcecode.swift; path = RGBAColor.swift; sourceTree = "<group>"; };
		44B0331729AA3C5A00FB383C /* ThemeModel.swift */ = {isa = PBXFileReference; lastKnownFileType = sourcecode.swift; path = ThemeModel.swift; sourceTree = "<group>"; };
/* End PBXFileReference section */

/* Begin PBXFrameworksBuildPhase section */
		44A9775429A89B1B000A71DF /* Frameworks */ = {
			isa = PBXFrameworksBuildPhase;
			buildActionMask = 2147483647;
			files = (
			);
			runOnlyForDeploymentPostprocessing = 0;
		};
/* End PBXFrameworksBuildPhase section */

/* Begin PBXGroup section */
		44A9774E29A89B1B000A71DF = {
			isa = PBXGroup;
			children = (
				44A9775929A89B1B000A71DF /* SwiftUIGame */,
				44A9775829A89B1B000A71DF /* Products */,
			);
			sourceTree = "<group>";
		};
		44A9775829A89B1B000A71DF /* Products */ = {
			isa = PBXGroup;
			children = (
				44A9775729A89B1B000A71DF /* SwiftUIGame.app */,
			);
			name = Products;
			sourceTree = "<group>";
		};
		44A9775929A89B1B000A71DF /* SwiftUIGame */ = {
			isa = PBXGroup;
			children = (
				44A9777529A932EB000A71DF /* Core */,
				44A9777329A932D9000A71DF /* Model */,
				44A9777629A9331A000A71DF /* Resources */,
				44A9777429A932E4000A71DF /* ViewModel */,
				44A9777229A932D3000A71DF /* View */,
			);
			path = SwiftUIGame;
			sourceTree = "<group>";
		};
		44A9776029A89B1C000A71DF /* Preview Content */ = {
			isa = PBXGroup;
			children = (
				44A9776129A89B1C000A71DF /* Preview Assets.xcassets */,
			);
			path = "Preview Content";
			sourceTree = "<group>";
		};
		44A9777229A932D3000A71DF /* View */ = {
			isa = PBXGroup;
			children = (
				44B0330F29AA16A500FB383C /* Themes */,
				44A9775C29A89B1B000A71DF /* ContentView.swift */,
			);
			path = View;
			sourceTree = "<group>";
		};
		44A9777329A932D9000A71DF /* Model */ = {
			isa = PBXGroup;
			children = (
				44A9776E29A91CB6000A71DF /* CardModel.swift */,
				44B0331729AA3C5A00FB383C /* ThemeModel.swift */,
			);
			path = Model;
			sourceTree = "<group>";
		};
		44A9777429A932E4000A71DF /* ViewModel */ = {
			isa = PBXGroup;
			children = (
				44A9777029A92409000A71DF /* ViewModel.swift */,
				44B0330D29AA0E1600FB383C /* ThemeStore.swift */,
			);
			path = ViewModel;
			sourceTree = "<group>";
		};
		44A9777529A932EB000A71DF /* Core */ = {
			isa = PBXGroup;
			children = (
				44A9775A29A89B1B000A71DF /* SwiftUIGameApp.swift */,
			);
			path = Core;
			sourceTree = "<group>";
		};
		44A9777629A9331A000A71DF /* Resources */ = {
			isa = PBXGroup;
			children = (
				44B0331429AA3BF800FB383C /* Helpers */,
				44A9775E29A89B1C000A71DF /* Assets.xcassets */,
				44A9776029A89B1C000A71DF /* Preview Content */,
			);
			path = Resources;
			sourceTree = "<group>";
		};
		44B0330F29AA16A500FB383C /* Themes */ = {
			isa = PBXGroup;
			children = (
				44B0331029AA16CB00FB383C /* ThemeChooser.swift */,
				44B0331229AA1C9400FB383C /* ThemeEditor.swift */,
			);
			path = Themes;
			sourceTree = "<group>";
		};
		44B0331429AA3BF800FB383C /* Helpers */ = {
			isa = PBXGroup;
			children = (
				44A9777729A93742000A71DF /* HelpersExtension.swift */,
				44B0331529AA3C3800FB383C /* RGBAColor.swift */,
			);
			path = Helpers;
			sourceTree = "<group>";
		};
/* End PBXGroup section */

/* Begin PBXNativeTarget section */
		44A9775629A89B1B000A71DF /* SwiftUIGame */ = {
			isa = PBXNativeTarget;
			buildConfigurationList = 44A9776529A89B1C000A71DF /* Build configuration list for PBXNativeTarget "SwiftUIGame" */;
			buildPhases = (
				44A9775329A89B1B000A71DF /* Sources */,
				44A9775429A89B1B000A71DF /* Frameworks */,
				44A9775529A89B1B000A71DF /* Resources */,
			);
			buildRules = (
			);
			dependencies = (
			);
			name = SwiftUIGame;
			productName = SwiftUIGame;
			productReference = 44A9775729A89B1B000A71DF /* SwiftUIGame.app */;
			productType = "com.apple.product-type.application";
		};
/* End PBXNativeTarget section */

/* Begin PBXProject section */
		44A9774F29A89B1B000A71DF /* Project object */ = {
			isa = PBXProject;
			attributes = {
				BuildIndependentTargetsInParallel = 1;
				LastSwiftUpdateCheck = 1320;
				LastUpgradeCheck = 1320;
				TargetAttributes = {
					44A9775629A89B1B000A71DF = {
						CreatedOnToolsVersion = 13.2.1;
					};
				};
			};
			buildConfigurationList = 44A9775229A89B1B000A71DF /* Build configuration list for PBXProject "SwiftUIGame" */;
			compatibilityVersion = "Xcode 13.0";
			developmentRegion = en;
			hasScannedForEncodings = 0;
			knownRegions = (
				en,
				Base,
			);
			mainGroup = 44A9774E29A89B1B000A71DF;
			productRefGroup = 44A9775829A89B1B000A71DF /* Products */;
			projectDirPath = "";
			projectRoot = "";
			targets = (
				44A9775629A89B1B000A71DF /* SwiftUIGame */,
			);
		};
/* End PBXProject section */

/* Begin PBXResourcesBuildPhase section */
		44A9775529A89B1B000A71DF /* Resources */ = {
			isa = PBXResourcesBuildPhase;
			buildActionMask = 2147483647;
			files = (
				44A9776229A89B1C000A71DF /* Preview Assets.xcassets in Resources */,
				44A9775F29A89B1C000A71DF /* Assets.xcassets in Resources */,
			);
			runOnlyForDeploymentPostprocessing = 0;
		};
/* End PBXResourcesBuildPhase section */

/* Begin PBXSourcesBuildPhase section */
		44A9775329A89B1B000A71DF /* Sources */ = {
			isa = PBXSourcesBuildPhase;
			buildActionMask = 2147483647;
			files = (
				44A9777129A92409000A71DF /* ViewModel.swift in Sources */,
				44B0330E29AA0E1600FB383C /* ThemeStore.swift in Sources */,
				44B0331129AA16CB00FB383C /* ThemeChooser.swift in Sources */,
				44B0331629AA3C3800FB383C /* RGBAColor.swift in Sources */,
				44A9775D29A89B1B000A71DF /* ContentView.swift in Sources */,
				44A9776F29A91CB6000A71DF /* CardModel.swift in Sources */,
				44A9777829A93742000A71DF /* HelpersExtension.swift in Sources */,
				44B0331829AA3C5A00FB383C /* ThemeModel.swift in Sources */,
				44B0331329AA1C9400FB383C /* ThemeEditor.swift in Sources */,
				44A9775B29A89B1B000A71DF /* SwiftUIGameApp.swift in Sources */,
			);
			runOnlyForDeploymentPostprocessing = 0;
		};
/* End PBXSourcesBuildPhase section */

/* Begin XCBuildConfiguration section */
		44A9776329A89B1C000A71DF /* Debug */ = {
			isa = XCBuildConfiguration;
			buildSettings = {
				ALWAYS_SEARCH_USER_PATHS = NO;
				CLANG_ANALYZER_NONNULL = YES;
				CLANG_ANALYZER_NUMBER_OBJECT_CONVERSION = YES_AGGRESSIVE;
				CLANG_CXX_LANGUAGE_STANDARD = "gnu++17";
				CLANG_CXX_LIBRARY = "libc++";
				CLANG_ENABLE_MODULES = YES;
				CLANG_ENABLE_OBJC_ARC = YES;
				CLANG_ENABLE_OBJC_WEAK = YES;
				CLANG_WARN_BLOCK_CAPTURE_AUTORELEASING = YES;
				CLANG_WARN_BOOL_CONVERSION = YES;
				CLANG_WARN_COMMA = YES;
				CLANG_WARN_CONSTANT_CONVERSION = YES;
				CLANG_WARN_DEPRECATED_OBJC_IMPLEMENTATIONS = YES;
				CLANG_WARN_DIRECT_OBJC_ISA_USAGE = YES_ERROR;
				CLANG_WARN_DOCUMENTATION_COMMENTS = YES;
				CLANG_WARN_EMPTY_BODY = YES;
				CLANG_WARN_ENUM_CONVERSION = YES;
				CLANG_WARN_INFINITE_RECURSION = YES;
				CLANG_WARN_INT_CONVERSION = YES;
				CLANG_WARN_NON_LITERAL_NULL_CONVERSION = YES;
				CLANG_WARN_OBJC_IMPLICIT_RETAIN_SELF = YES;
				CLANG_WARN_OBJC_LITERAL_CONVERSION = YES;
				CLANG_WARN_OBJC_ROOT_CLASS = YES_ERROR;
				CLANG_WARN_QUOTED_INCLUDE_IN_FRAMEWORK_HEADER = YES;
				CLANG_WARN_RANGE_LOOP_ANALYSIS = YES;
				CLANG_WARN_STRICT_PROTOTYPES = YES;
				CLANG_WARN_SUSPICIOUS_MOVE = YES;
				CLANG_WARN_UNGUARDED_AVAILABILITY = YES_AGGRESSIVE;
				CLANG_WARN_UNREACHABLE_CODE = YES;
				CLANG_WARN__DUPLICATE_METHOD_MATCH = YES;
				COPY_PHASE_STRIP = NO;
				DEBUG_INFORMATION_FORMAT = dwarf;
				ENABLE_STRICT_OBJC_MSGSEND = YES;
				ENABLE_TESTABILITY = YES;
				GCC_C_LANGUAGE_STANDARD = gnu11;
				GCC_DYNAMIC_NO_PIC = NO;
				GCC_NO_COMMON_BLOCKS = YES;
				GCC_OPTIMIZATION_LEVEL = 0;
				GCC_PREPROCESSOR_DEFINITIONS = (
					"DEBUG=1",
					"$(inherited)",
				);
				GCC_WARN_64_TO_32_BIT_CONVERSION = YES;
				GCC_WARN_ABOUT_RETURN_TYPE = YES_ERROR;
				GCC_WARN_UNDECLARED_SELECTOR = YES;
				GCC_WARN_UNINITIALIZED_AUTOS = YES_AGGRESSIVE;
				GCC_WARN_UNUSED_FUNCTION = YES;
				GCC_WARN_UNUSED_VARIABLE = YES;
				IPHONEOS_DEPLOYMENT_TARGET = 15.2;
				MTL_ENABLE_DEBUG_INFO = INCLUDE_SOURCE;
				MTL_FAST_MATH = YES;
				ONLY_ACTIVE_ARCH = YES;
				SDKROOT = iphoneos;
				SWIFT_ACTIVE_COMPILATION_CONDITIONS = DEBUG;
				SWIFT_OPTIMIZATION_LEVEL = "-Onone";
			};
			name = Debug;
		};
		44A9776429A89B1C000A71DF /* Release */ = {
			isa = XCBuildConfiguration;
			buildSettings = {
				ALWAYS_SEARCH_USER_PATHS = NO;
				CLANG_ANALYZER_NONNULL = YES;
				CLANG_ANALYZER_NUMBER_OBJECT_CONVERSION = YES_AGGRESSIVE;
				CLANG_CXX_LANGUAGE_STANDARD = "gnu++17";
				CLANG_CXX_LIBRARY = "libc++";
				CLANG_ENABLE_MODULES = YES;
				CLANG_ENABLE_OBJC_ARC = YES;
				CLANG_ENABLE_OBJC_WEAK = YES;
				CLANG_WARN_BLOCK_CAPTURE_AUTORELEASING = YES;
				CLANG_WARN_BOOL_CONVERSION = YES;
				CLANG_WARN_COMMA = YES;
				CLANG_WARN_CONSTANT_CONVERSION = YES;
				CLANG_WARN_DEPRECATED_OBJC_IMPLEMENTATIONS = YES;
				CLANG_WARN_DIRECT_OBJC_ISA_USAGE = YES_ERROR;
				CLANG_WARN_DOCUMENTATION_COMMENTS = YES;
				CLANG_WARN_EMPTY_BODY = YES;
				CLANG_WARN_ENUM_CONVERSION = YES;
				CLANG_WARN_INFINITE_RECURSION = YES;
				CLANG_WARN_INT_CONVERSION = YES;
				CLANG_WARN_NON_LITERAL_NULL_CONVERSION = YES;
				CLANG_WARN_OBJC_IMPLICIT_RETAIN_SELF = YES;
				CLANG_WARN_OBJC_LITERAL_CONVERSION = YES;
				CLANG_WARN_OBJC_ROOT_CLASS = YES_ERROR;
				CLANG_WARN_QUOTED_INCLUDE_IN_FRAMEWORK_HEADER = YES;
				CLANG_WARN_RANGE_LOOP_ANALYSIS = YES;
				CLANG_WARN_STRICT_PROTOTYPES = YES;
				CLANG_WARN_SUSPICIOUS_MOVE = YES;
				CLANG_WARN_UNGUARDED_AVAILABILITY = YES_AGGRESSIVE;
				CLANG_WARN_UNREACHABLE_CODE = YES;
				CLANG_WARN__DUPLICATE_METHOD_MATCH = YES;
				COPY_PHASE_STRIP = NO;
				DEBUG_INFORMATION_FORMAT = "dwarf-with-dsym";
				ENABLE_NS_ASSERTIONS = NO;
				ENABLE_STRICT_OBJC_MSGSEND = YES;
				GCC_C_LANGUAGE_STANDARD = gnu11;
				GCC_NO_COMMON_BLOCKS = YES;
				GCC_WARN_64_TO_32_BIT_CONVERSION = YES;
				GCC_WARN_ABOUT_RETURN_TYPE = YES_ERROR;
				GCC_WARN_UNDECLARED_SELECTOR = YES;
				GCC_WARN_UNINITIALIZED_AUTOS = YES_AGGRESSIVE;
				GCC_WARN_UNUSED_FUNCTION = YES;
				GCC_WARN_UNUSED_VARIABLE = YES;
				IPHONEOS_DEPLOYMENT_TARGET = 15.2;
				MTL_ENABLE_DEBUG_INFO = NO;
				MTL_FAST_MATH = YES;
				SDKROOT = iphoneos;
				SWIFT_COMPILATION_MODE = wholemodule;
				SWIFT_OPTIMIZATION_LEVEL = "-O";
				VALIDATE_PRODUCT = YES;
			};
			name = Release;
		};
		44A9776629A89B1C000A71DF /* Debug */ = {
			isa = XCBuildConfiguration;
			buildSettings = {
				ASSETCATALOG_COMPILER_APPICON_NAME = AppIcon;
				ASSETCATALOG_COMPILER_GLOBAL_ACCENT_COLOR_NAME = AccentColor;
				CODE_SIGN_STYLE = Automatic;
				CURRENT_PROJECT_VERSION = 1;
				DEVELOPMENT_ASSET_PATHS = "\"SwiftUIGame/Resources/Preview Content\"";
				DEVELOPMENT_TEAM = U2N97D98Q8;
				ENABLE_PREVIEWS = YES;
				GENERATE_INFOPLIST_FILE = YES;
				INFOPLIST_KEY_UIApplicationSceneManifest_Generation = YES;
				INFOPLIST_KEY_UIApplicationSupportsIndirectInputEvents = YES;
				INFOPLIST_KEY_UILaunchScreen_Generation = YES;
				INFOPLIST_KEY_UISupportedInterfaceOrientations_iPad = "UIInterfaceOrientationPortrait UIInterfaceOrientationPortraitUpsideDown UIInterfaceOrientationLandscapeLeft UIInterfaceOrientationLandscapeRight";
				INFOPLIST_KEY_UISupportedInterfaceOrientations_iPhone = "UIInterfaceOrientationPortrait UIInterfaceOrientationLandscapeLeft UIInterfaceOrientationLandscapeRight";
				LD_RUNPATH_SEARCH_PATHS = (
					"$(inherited)",
					"@executable_path/Frameworks",
				);
				MARKETING_VERSION = 1.0;
				PRODUCT_BUNDLE_IDENTIFIER = IldarAgliullov.SwiftUIGame;
				PRODUCT_NAME = "$(TARGET_NAME)";
				SWIFT_EMIT_LOC_STRINGS = YES;
				SWIFT_VERSION = 5.0;
				TARGETED_DEVICE_FAMILY = "1,2";
			};
			name = Debug;
		};
		44A9776729A89B1C000A71DF /* Release */ = {
			isa = XCBuildConfiguration;
			buildSettings = {
				ASSETCATALOG_COMPILER_APPICON_NAME = AppIcon;
				ASSETCATALOG_COMPILER_GLOBAL_ACCENT_COLOR_NAME = AccentColor;
				CODE_SIGN_STYLE = Automatic;
				CURRENT_PROJECT_VERSION = 1;
				DEVELOPMENT_ASSET_PATHS = "\"SwiftUIGame/Resources/Preview Content\"";
				DEVELOPMENT_TEAM = U2N97D98Q8;
				ENABLE_PREVIEWS = YES;
				GENERATE_INFOPLIST_FILE = YES;
				INFOPLIST_KEY_UIApplicationSceneManifest_Generation = YES;
				INFOPLIST_KEY_UIApplicationSupportsIndirectInputEvents = YES;
				INFOPLIST_KEY_UILaunchScreen_Generation = YES;
				INFOPLIST_KEY_UISupportedInterfaceOrientations_iPad = "UIInterfaceOrientationPortrait UIInterfaceOrientationPortraitUpsideDown UIInterfaceOrientationLandscapeLeft UIInterfaceOrientationLandscapeRight";
				INFOPLIST_KEY_UISupportedInterfaceOrientations_iPhone = "UIInterfaceOrientationPortrait UIInterfaceOrientationLandscapeLeft UIInterfaceOrientationLandscapeRight";
				LD_RUNPATH_SEARCH_PATHS = (
					"$(inherited)",
					"@executable_path/Frameworks",
				);
				MARKETING_VERSION = 1.0;
				PRODUCT_BUNDLE_IDENTIFIER = IldarAgliullov.SwiftUIGame;
				PRODUCT_NAME = "$(TARGET_NAME)";
				SWIFT_EMIT_LOC_STRINGS = YES;
				SWIFT_VERSION = 5.0;
				TARGETED_DEVICE_FAMILY = "1,2";
			};
			name = Release;
		};
/* End XCBuildConfiguration section */

/* Begin XCConfigurationList section */
		44A9775229A89B1B000A71DF /* Build configuration list for PBXProject "SwiftUIGame" */ = {
			isa = XCConfigurationList;
			buildConfigurations = (
				44A9776329A89B1C000A71DF /* Debug */,
				44A9776429A89B1C000A71DF /* Release */,
			);
			defaultConfigurationIsVisible = 0;
			defaultConfigurationName = Release;
		};
		44A9776529A89B1C000A71DF /* Build configuration list for PBXNativeTarget "SwiftUIGame" */ = {
			isa = XCConfigurationList;
			buildConfigurations = (
				44A9776629A89B1C000A71DF /* Debug */,
				44A9776729A89B1C000A71DF /* Release */,
			);
			defaultConfigurationIsVisible = 0;
			defaultConfigurationName = Release;
		};
/* End XCConfigurationList section */
	};
	rootObject = 44A9774F29A89B1B000A71DF /* Project object */;
}
